
Microsoft Visual Studio Solution File, Format Version 12.00
# Visual Studio Version 16
VisualStudioVersion = 16.0.31613.86
MinimumVisualStudioVersion = 10.0.40219.1
Project("{9A19103F-16F7-4668-BE54-9A1E7A4F7556}") = "JuliePro", "JuliePro\JuliePro.csproj", "{9F949B88-8848-4111-BCC9-7321949F5375}"
EndProject
Project("{9A19103F-16F7-4668-BE54-9A1E7A4F7556}") = "JuliePro_DataAccess", "JuliePro_DataAccess\JuliePro_DataAccess.csproj", "{D138DFC9-D763-47D1-BE27-6D5A9AEDFE43}"
EndProject
Project("{9A19103F-16F7-4668-BE54-9A1E7A4F7556}") = "JuliePro_Models", "JuliePro_Models\JuliePro_Models.csproj", "{B8D3A8F0-E7F2-4E02-A41A-D62559DEAECA}"
EndProject
Project("{FAE04EC0-301F-11D3-BF4B-00C04F79EFBC}") = "JuliePro_Service", "JuliePro_Service\JuliePro_Service.csproj", "{551A795B-46BF-4345-9235-451BFB6D630B}"
EndProject
Global
	GlobalSection(SolutionConfigurationPlatforms) = preSolution
		Debug|Any CPU = Debug|Any CPU
		Release|Any CPU = Release|Any CPU
	EndGlobalSection
	GlobalSection(ProjectConfigurationPlatforms) = postSolution
		{9F949B88-8848-4111-BCC9-7321949F5375}.Debug|Any CPU.ActiveCfg = Debug|Any CPU
		{9F949B88-8848-4111-BCC9-7321949F5375}.Debug|Any CPU.Build.0 = Debug|Any CPU
		{9F949B88-8848-4111-BCC9-7321949F5375}.Release|Any CPU.ActiveCfg = Release|Any CPU
		{9F949B88-8848-4111-BCC9-7321949F5375}.Release|Any CPU.Build.0 = Release|Any CPU
		{D138DFC9-D763-47D1-BE27-6D5A9AEDFE43}.Debug|Any CPU.ActiveCfg = Debug|Any CPU
		{D138DFC9-D763-47D1-BE27-6D5A9AEDFE43}.Debug|Any CPU.Build.0 = Debug|Any CPU
		{D138DFC9-D763-47D1-BE27-6D5A9AEDFE43}.Release|Any CPU.ActiveCfg = Release|Any CPU
		{D138DFC9-D763-47D1-BE27-6D5A9AEDFE43}.Release|Any CPU.Build.0 = Release|Any CPU
		{B8D3A8F0-E7F2-4E02-A41A-D62559DEAECA}.Debug|Any CPU.ActiveCfg = Debug|Any CPU
		{B8D3A8F0-E7F2-4E02-A41A-D62559DEAECA}.Debug|Any CPU.Build.0 = Debug|Any CPU
		{B8D3A8F0-E7F2-4E02-A41A-D62559DEAECA}.Release|Any CPU.ActiveCfg = Release|Any CPU
		{B8D3A8F0-E7F2-4E02-A41A-D62559DEAECA}.Release|Any CPU.Build.0 = Release|Any CPU
		{551A795B-46BF-4345-9235-451BFB6D630B}.Debug|Any CPU.ActiveCfg = Debug|Any CPU
		{551A795B-46BF-4345-9235-451BFB6D630B}.Debug|Any CPU.Build.0 = Debug|Any CPU
		{551A795B-46BF-4345-9235-451BFB6D630B}.Release|Any CPU.ActiveCfg = Release|Any CPU
		{551A795B-46BF-4345-9235-451BFB6D630B}.Release|Any CPU.Build.0 = Release|Any CPU
	EndGlobalSection
	GlobalSection(SolutionProperties) = preSolution
		HideSolutionNode = FALSE
	EndGlobalSection
	GlobalSection(ExtensibilityGlobals) = postSolution
		SolutionGuid = {D11B7A93-47DD-497E-A0D8-D16F04C8B22E}
	EndGlobalSection
EndGlobal
